
Microsoft Visual Studio Solution File, Format Version 12.00
# Visual Studio Version 17
VisualStudioVersion = 17.8.34309.116
MinimumVisualStudioVersion = 10.0.40219.1
Project("{9A19103F-16F7-4668-BE54-9A1E7A4F7556}") = "Core", "Repository\Core.csproj", "{94768C1B-146C-4E7B-823E-7D1977FEA741}"
EndProject
Project("{9A19103F-16F7-4668-BE54-9A1E7A4F7556}") = "Service", "Service\Service.csproj", "{26BD7AE7-42EC-42D5-8415-B795B66C9A76}"
EndProject
Project("{9A19103F-16F7-4668-BE54-9A1E7A4F7556}") = "Shop", "Shop\Shop.csproj", "{CBFFFE4D-B4D5-4B9B-80ED-1120BFF14A02}"
EndProject
Project("{9A19103F-16F7-4668-BE54-9A1E7A4F7556}") = "Infrastucture", "Infrastucture\Infrastucture.csproj", "{9FA51503-B3AC-4586-A9F1-92FB788351FC}"
EndProject
Project("{FAE04EC0-301F-11D3-BF4B-00C04F79EFBC}") = "WebApplication1", "WebApplication1\WebApplication1.csproj", "{1543E346-6F9F-4657-8F19-234B7825C616}"
EndProject
Global
	GlobalSection(SolutionConfigurationPlatforms) = preSolution
		Debug|Any CPU = Debug|Any CPU
		Release|Any CPU = Release|Any CPU
	EndGlobalSection
	GlobalSection(ProjectConfigurationPlatforms) = postSolution
		{94768C1B-146C-4E7B-823E-7D1977FEA741}.Debug|Any CPU.ActiveCfg = Debug|Any CPU
		{94768C1B-146C-4E7B-823E-7D1977FEA741}.Debug|Any CPU.Build.0 = Debug|Any CPU
		{94768C1B-146C-4E7B-823E-7D1977FEA741}.Release|Any CPU.ActiveCfg = Release|Any CPU
		{94768C1B-146C-4E7B-823E-7D1977FEA741}.Release|Any CPU.Build.0 = Release|Any CPU
		{26BD7AE7-42EC-42D5-8415-B795B66C9A76}.Debug|Any CPU.ActiveCfg = Debug|Any CPU
		{26BD7AE7-42EC-42D5-8415-B795B66C9A76}.Debug|Any CPU.Build.0 = Debug|Any CPU
		{26BD7AE7-42EC-42D5-8415-B795B66C9A76}.Release|Any CPU.ActiveCfg = Release|Any CPU
		{26BD7AE7-42EC-42D5-8415-B795B66C9A76}.Release|Any CPU.Build.0 = Release|Any CPU
		{CBFFFE4D-B4D5-4B9B-80ED-1120BFF14A02}.Debug|Any CPU.ActiveCfg = Debug|Any CPU
		{CBFFFE4D-B4D5-4B9B-80ED-1120BFF14A02}.Debug|Any CPU.Build.0 = Debug|Any CPU
		{CBFFFE4D-B4D5-4B9B-80ED-1120BFF14A02}.Release|Any CPU.ActiveCfg = Release|Any CPU
		{CBFFFE4D-B4D5-4B9B-80ED-1120BFF14A02}.Release|Any CPU.Build.0 = Release|Any CPU
		{9FA51503-B3AC-4586-A9F1-92FB788351FC}.Debug|Any CPU.ActiveCfg = Debug|Any CPU
		{9FA51503-B3AC-4586-A9F1-92FB788351FC}.Debug|Any CPU.Build.0 = Debug|Any CPU
		{9FA51503-B3AC-4586-A9F1-92FB788351FC}.Release|Any CPU.ActiveCfg = Release|Any CPU
		{9FA51503-B3AC-4586-A9F1-92FB788351FC}.Release|Any CPU.Build.0 = Release|Any CPU
		{1543E346-6F9F-4657-8F19-234B7825C616}.Debug|Any CPU.ActiveCfg = Debug|Any CPU
		{1543E346-6F9F-4657-8F19-234B7825C616}.Debug|Any CPU.Build.0 = Debug|Any CPU
		{1543E346-6F9F-4657-8F19-234B7825C616}.Release|Any CPU.ActiveCfg = Release|Any CPU
		{1543E346-6F9F-4657-8F19-234B7825C616}.Release|Any CPU.Build.0 = Release|Any CPU
	EndGlobalSection
	GlobalSection(SolutionProperties) = preSolution
		HideSolutionNode = FALSE
	EndGlobalSection
	GlobalSection(ExtensibilityGlobals) = postSolution
		SolutionGuid = {A0C71E3E-9C2B-40B3-827F-23897D1934CB}
	EndGlobalSection
EndGlobal
